{
  "object": {
    "pins": [
      {
        "package": "SideMenu",
        "repositoryURL": "https://github.com/jonkykong/SideMenu.git",
        "state": {
          "branch": null,
          "revision": "be2ac457c1f758059173fe9572aee7332d5a3cbd",
          "version": "6.4.9"
        }
      }
    ]
  },
  "version": 1
}
