// !$*UTF8*$!
{
	archiveVersion = 1;
	classes = {
	};
	objectVersion = 50;
	objects = {

/* Begin PBXBuildFile section */
		F0BC99DC24E971A7006FE6CA /* AppDelegate.swift in Sources */ = {isa = PBXBuildFile; fileRef = F0BC99DB24E971A7006FE6CA /* AppDelegate.swift */; };
		F0BC99DE24E971A7006FE6CA /* SceneDelegate.swift in Sources */ = {isa = PBXBuildFile; fileRef = F0BC99DD24E971A7006FE6CA /* SceneDelegate.swift */; };
		F0BC99E024E971A7006FE6CA /* ViewController.swift in Sources */ = {isa = PBXBuildFile; fileRef = F0BC99DF24E971A7006FE6CA /* ViewController.swift */; };
		F0BC99E324E971A7006FE6CA /* Main.storyboard in Resources */ = {isa = PBXBuildFile; fileRef = F0BC99E124E971A7006FE6CA /* Main.storyboard */; };
		F0BC99E524E971A7006FE6CA /* Assets.xcassets in Resources */ = {isa = PBXBuildFile; fileRef = F0BC99E424E971A7006FE6CA /* Assets.xcassets */; };
		F0BC99E824E971A7006FE6CA /* LaunchScreen.storyboard in Resources */ = {isa = PBXBuildFile; fileRef = F0BC99E624E971A7006FE6CA /* LaunchScreen.storyboard */; };
		F0BC99F224E971F1006FE6CA /* CloudKit.framework in Frameworks */ = {isa = PBXBuildFile; fileRef = F0BC99F124E971F1006FE6CA /* CloudKit.framework */; };
/* End PBXBuildFile section */

/* Begin PBXFileReference section */
		F0BC99D824E971A7006FE6CA /* TitikJumpaMac.app */ = {isa = PBXFileReference; explicitFileType = wrapper.application; includeInIndex = 0; path = TitikJumpaMac.app; sourceTree = BUILT_PRODUCTS_DIR; };
		F0BC99DB24E971A7006FE6CA /* AppDelegate.swift */ = {isa = PBXFileReference; lastKnownFileType = sourcecode.swift; path = AppDelegate.swift; sourceTree = "<group>"; };
		F0BC99DD24E971A7006FE6CA /* SceneDelegate.swift */ = {isa = PBXFileReference; lastKnownFileType = sourcecode.swift; path = SceneDelegate.swift; sourceTree = "<group>"; };
		F0BC99DF24E971A7006FE6CA /* ViewController.swift */ = {isa = PBXFileReference; lastKnownFileType = sourcecode.swift; path = ViewController.swift; sourceTree = "<group>"; };
		F0BC99E224E971A7006FE6CA /* Base */ = {isa = PBXFileReference; lastKnownFileType = file.storyboard; name = Base; path = Base.lproj/Main.storyboard; sourceTree = "<group>"; };
		F0BC99E424E971A7006FE6CA /* Assets.xcassets */ = {isa = PBXFileReference; lastKnownFileType = folder.assetcatalog; path = Assets.xcassets; sourceTree = "<group>"; };
		F0BC99E724E971A7006FE6CA /* Base */ = {isa = PBXFileReference; lastKnownFileType = file.storyboard; name = Base; path = Base.lproj/LaunchScreen.storyboard; sourceTree = "<group>"; };
		F0BC99E924E971A7006FE6CA /* Info.plist */ = {isa = PBXFileReference; lastKnownFileType = text.plist.xml; path = Info.plist; sourceTree = "<group>"; };
		F0BC99EF24E971B4006FE6CA /* TitikJumpaMac.entitlements */ = {isa = PBXFileReference; lastKnownFileType = text.plist.entitlements; path = TitikJumpaMac.entitlements; sourceTree = "<group>"; };
		F0BC99F124E971F1006FE6CA /* CloudKit.framework */ = {isa = PBXFileReference; lastKnownFileType = wrapper.framework; name = CloudKit.framework; path = System/Library/Frameworks/CloudKit.framework; sourceTree = SDKROOT; };
/* End PBXFileReference section */

/* Begin PBXFrameworksBuildPhase section */
		F0BC99D524E971A7006FE6CA /* Frameworks */ = {
			isa = PBXFrameworksBuildPhase;
			buildActionMask = 2147483647;
			files = (
				F0BC99F224E971F1006FE6CA /* CloudKit.framework in Frameworks */,
			);
			runOnlyForDeploymentPostprocessing = 0;
		};
/* End PBXFrameworksBuildPhase section */

/* Begin PBXGroup section */
		F0BC99CF24E971A7006FE6CA = {
			isa = PBXGroup;
			children = (
				F0BC99DA24E971A7006FE6CA /* TitikJumpaMac */,
				F0BC99D924E971A7006FE6CA /* Products */,
				F0BC99F024E971F1006FE6CA /* Frameworks */,
			);
			sourceTree = "<group>";
		};
		F0BC99D924E971A7006FE6CA /* Products */ = {
			isa = PBXGroup;
			children = (
				F0BC99D824E971A7006FE6CA /* TitikJumpaMac.app */,
			);
			name = Products;
			sourceTree = "<group>";
		};
		F0BC99DA24E971A7006FE6CA /* TitikJumpaMac */ = {
			isa = PBXGroup;
			children = (
				F0BC99EF24E971B4006FE6CA /* TitikJumpaMac.entitlements */,
				F0BC99DB24E971A7006FE6CA /* AppDelegate.swift */,
				F0BC99DD24E971A7006FE6CA /* SceneDelegate.swift */,
				F0BC99DF24E971A7006FE6CA /* ViewController.swift */,
				F0BC99E124E971A7006FE6CA /* Main.storyboard */,
				F0BC99E424E971A7006FE6CA /* Assets.xcassets */,
				F0BC99E624E971A7006FE6CA /* LaunchScreen.storyboard */,
				F0BC99E924E971A7006FE6CA /* Info.plist */,
			);
			path = TitikJumpaMac;
			sourceTree = "<group>";
		};
		F0BC99F024E971F1006FE6CA /* Frameworks */ = {
			isa = PBXGroup;
			children = (
				F0BC99F124E971F1006FE6CA /* CloudKit.framework */,
			);
			name = Frameworks;
			sourceTree = "<group>";
		};
/* End PBXGroup section */

/* Begin PBXNativeTarget section */
		F0BC99D724E971A7006FE6CA /* TitikJumpaMac */ = {
			isa = PBXNativeTarget;
			buildConfigurationList = F0BC99EC24E971A7006FE6CA /* Build configuration list for PBXNativeTarget "TitikJumpaMac" */;
			buildPhases = (
				F0BC99D424E971A7006FE6CA /* Sources */,
				F0BC99D524E971A7006FE6CA /* Frameworks */,
				F0BC99D624E971A7006FE6CA /* Resources */,
			);
			buildRules = (
			);
			dependencies = (
			);
			name = TitikJumpaMac;
			productName = TitikJumpaMac;
			productReference = F0BC99D824E971A7006FE6CA /* TitikJumpaMac.app */;
			productType = "com.apple.product-type.application";
		};
/* End PBXNativeTarget section */

/* Begin PBXProject section */
		F0BC99D024E971A7006FE6CA /* Project object */ = {
			isa = PBXProject;
			attributes = {
				LastSwiftUpdateCheck = 1160;
				LastUpgradeCheck = 1160;
				ORGANIZATIONNAME = "Sufiandy Elmy";
				TargetAttributes = {
					F0BC99D724E971A7006FE6CA = {
						CreatedOnToolsVersion = 11.6;
					};
				};
			};
			buildConfigurationList = F0BC99D324E971A7006FE6CA /* Build configuration list for PBXProject "TitikJumpaMac" */;
			compatibilityVersion = "Xcode 9.3";
			developmentRegion = en;
			hasScannedForEncodings = 0;
			knownRegions = (
				en,
				Base,
			);
			mainGroup = F0BC99CF24E971A7006FE6CA;
			productRefGroup = F0BC99D924E971A7006FE6CA /* Products */;
			projectDirPath = "";
			projectRoot = "";
			targets = (
				F0BC99D724E971A7006FE6CA /* TitikJumpaMac */,
			);
		};
/* End PBXProject section */

/* Begin PBXResourcesBuildPhase section */
		F0BC99D624E971A7006FE6CA /* Resources */ = {
			isa = PBXResourcesBuildPhase;
			buildActionMask = 2147483647;
			files = (
				F0BC99E824E971A7006FE6CA /* LaunchScreen.storyboard in Resources */,
				F0BC99E524E971A7006FE6CA /* Assets.xcassets in Resources */,
				F0BC99E324E971A7006FE6CA /* Main.storyboard in Resources */,
			);
			runOnlyForDeploymentPostprocessing = 0;
		};
/* End PBXResourcesBuildPhase section */

/* Begin PBXSourcesBuildPhase section */
		F0BC99D424E971A7006FE6CA /* Sources */ = {
			isa = PBXSourcesBuildPhase;
			buildActionMask = 2147483647;
			files = (
				F0BC99E024E971A7006FE6CA /* ViewController.swift in Sources */,
				F0BC99DC24E971A7006FE6CA /* AppDelegate.swift in Sources */,
				F0BC99DE24E971A7006FE6CA /* SceneDelegate.swift in Sources */,
			);
			runOnlyForDeploymentPostprocessing = 0;
		};
/* End PBXSourcesBuildPhase section */

/* Begin PBXVariantGroup section */
		F0BC99E124E971A7006FE6CA /* Main.storyboard */ = {
			isa = PBXVariantGroup;
			children = (
				F0BC99E224E971A7006FE6CA /* Base */,
			);
			name = Main.storyboard;
			sourceTree = "<group>";
		};
		F0BC99E624E971A7006FE6CA /* LaunchScreen.storyboard */ = {
			isa = PBXVariantGroup;
			children = (
				F0BC99E724E971A7006FE6CA /* Base */,
			);
			name = LaunchScreen.storyboard;
			sourceTree = "<group>";
		};
/* End PBXVariantGroup section */

/* Begin XCBuildConfiguration section */
		F0BC99EA24E971A7006FE6CA /* Debug */ = {
			isa = XCBuildConfiguration;
			buildSettings = {
				ALWAYS_SEARCH_USER_PATHS = NO;
				CLANG_ANALYZER_NONNULL = YES;
				CLANG_ANALYZER_NUMBER_OBJECT_CONVERSION = YES_AGGRESSIVE;
				CLANG_CXX_LANGUAGE_STANDARD = "gnu++14";
				CLANG_CXX_LIBRARY = "libc++";
				CLANG_ENABLE_MODULES = YES;
				CLANG_ENABLE_OBJC_ARC = YES;
				CLANG_ENABLE_OBJC_WEAK = YES;
				CLANG_WARN_BLOCK_CAPTURE_AUTORELEASING = YES;
				CLANG_WARN_BOOL_CONVERSION = YES;
				CLANG_WARN_COMMA = YES;
				CLANG_WARN_CONSTANT_CONVERSION = YES;
				CLANG_WARN_DEPRECATED_OBJC_IMPLEMENTATIONS = YES;
				CLANG_WARN_DIRECT_OBJC_ISA_USAGE = YES_ERROR;
				CLANG_WARN_DOCUMENTATION_COMMENTS = YES;
				CLANG_WARN_EMPTY_BODY = YES;
				CLANG_WARN_ENUM_CONVERSION = YES;
				CLANG_WARN_INFINITE_RECURSION = YES;
				CLANG_WARN_INT_CONVERSION = YES;
				CLANG_WARN_NON_LITERAL_NULL_CONVERSION = YES;
				CLANG_WARN_OBJC_IMPLICIT_RETAIN_SELF = YES;
				CLANG_WARN_OBJC_LITERAL_CONVERSION = YES;
				CLANG_WARN_OBJC_ROOT_CLASS = YES_ERROR;
				CLANG_WARN_RANGE_LOOP_ANALYSIS = YES;
				CLANG_WARN_STRICT_PROTOTYPES = YES;
				CLANG_WARN_SUSPICIOUS_MOVE = YES;
				CLANG_WARN_UNGUARDED_AVAILABILITY = YES_AGGRESSIVE;
				CLANG_WARN_UNREACHABLE_CODE = YES;
				CLANG_WARN__DUPLICATE_METHOD_MATCH = YES;
				COPY_PHASE_STRIP = NO;
				DEBUG_INFORMATION_FORMAT = dwarf;
				ENABLE_STRICT_OBJC_MSGSEND = YES;
				ENABLE_TESTABILITY = YES;
				GCC_C_LANGUAGE_STANDARD = gnu11;
				GCC_DYNAMIC_NO_PIC = NO;
				GCC_NO_COMMON_BLOCKS = YES;
				GCC_OPTIMIZATION_LEVEL = 0;
				GCC_PREPROCESSOR_DEFINITIONS = (
					"DEBUG=1",
					"$(inherited)",
				);
				GCC_WARN_64_TO_32_BIT_CONVERSION = YES;
				GCC_WARN_ABOUT_RETURN_TYPE = YES_ERROR;
				GCC_WARN_UNDECLARED_SELECTOR = YES;
				GCC_WARN_UNINITIALIZED_AUTOS = YES_AGGRESSIVE;
				GCC_WARN_UNUSED_FUNCTION = YES;
				GCC_WARN_UNUSED_VARIABLE = YES;
				IPHONEOS_DEPLOYMENT_TARGET = 13.6;
				MTL_ENABLE_DEBUG_INFO = INCLUDE_SOURCE;
				MTL_FAST_MATH = YES;
				ONLY_ACTIVE_ARCH = YES;
				SDKROOT = iphoneos;
				SWIFT_ACTIVE_COMPILATION_CONDITIONS = DEBUG;
				SWIFT_OPTIMIZATION_LEVEL = "-Onone";
			};
			name = Debug;
		};
		F0BC99EB24E971A7006FE6CA /* Release */ = {
			isa = XCBuildConfiguration;
			buildSettings = {
				ALWAYS_SEARCH_USER_PATHS = NO;
				CLANG_ANALYZER_NONNULL = YES;
				CLANG_ANALYZER_NUMBER_OBJECT_CONVERSION = YES_AGGRESSIVE;
				CLANG_CXX_LANGUAGE_STANDARD = "gnu++14";
				CLANG_CXX_LIBRARY = "libc++";
				CLANG_ENABLE_MODULES = YES;
				CLANG_ENABLE_OBJC_ARC = YES;
				CLANG_ENABLE_OBJC_WEAK = YES;
				CLANG_WARN_BLOCK_CAPTURE_AUTORELEASING = YES;
				CLANG_WARN_BOOL_CONVERSION = YES;
				CLANG_WARN_COMMA = YES;
				CLANG_WARN_CONSTANT_CONVERSION = YES;
				CLANG_WARN_DEPRECATED_OBJC_IMPLEMENTATIONS = YES;
				CLANG_WARN_DIRECT_OBJC_ISA_USAGE = YES_ERROR;
				CLANG_WARN_DOCUMENTATION_COMMENTS = YES;
				CLANG_WARN_EMPTY_BODY = YES;
				CLANG_WARN_ENUM_CONVERSION = YES;
				CLANG_WARN_INFINITE_RECURSION = YES;
				CLANG_WARN_INT_CONVERSION = YES;
				CLANG_WARN_NON_LITERAL_NULL_CONVERSION = YES;
				CLANG_WARN_OBJC_IMPLICIT_RETAIN_SELF = YES;
				CLANG_WARN_OBJC_LITERAL_CONVERSION = YES;
				CLANG_WARN_OBJC_ROOT_CLASS = YES_ERROR;
				CLANG_WARN_RANGE_LOOP_ANALYSIS = YES;
				CLANG_WARN_STRICT_PROTOTYPES = YES;
				CLANG_WARN_SUSPICIOUS_MOVE = YES;
				CLANG_WARN_UNGUARDED_AVAILABILITY = YES_AGGRESSIVE;
				CLANG_WARN_UNREACHABLE_CODE = YES;
				CLANG_WARN__DUPLICATE_METHOD_MATCH = YES;
				COPY_PHASE_STRIP = NO;
				DEBUG_INFORMATION_FORMAT = "dwarf-with-dsym";
				ENABLE_NS_ASSERTIONS = NO;
				ENABLE_STRICT_OBJC_MSGSEND = YES;
				GCC_C_LANGUAGE_STANDARD = gnu11;
				GCC_NO_COMMON_BLOCKS = YES;
				GCC_WARN_64_TO_32_BIT_CONVERSION = YES;
				GCC_WARN_ABOUT_RETURN_TYPE = YES_ERROR;
				GCC_WARN_UNDECLARED_SELECTOR = YES;
				GCC_WARN_UNINITIALIZED_AUTOS = YES_AGGRESSIVE;
				GCC_WARN_UNUSED_FUNCTION = YES;
				GCC_WARN_UNUSED_VARIABLE = YES;
				IPHONEOS_DEPLOYMENT_TARGET = 13.6;
				MTL_ENABLE_DEBUG_INFO = NO;
				MTL_FAST_MATH = YES;
				SDKROOT = iphoneos;
				SWIFT_COMPILATION_MODE = wholemodule;
				SWIFT_OPTIMIZATION_LEVEL = "-O";
				VALIDATE_PRODUCT = YES;
			};
			name = Release;
		};
		F0BC99ED24E971A7006FE6CA /* Debug */ = {
			isa = XCBuildConfiguration;
			buildSettings = {
				ASSETCATALOG_COMPILER_APPICON_NAME = AppIcon;
				CODE_SIGN_ENTITLEMENTS = TitikJumpaMac/TitikJumpaMac.entitlements;
				"CODE_SIGN_IDENTITY[sdk=macosx*]" = "Apple Development";
				CODE_SIGN_STYLE = Automatic;
				DEVELOPMENT_TEAM = 9T6A37YY89;
				"ENABLE_HARDENED_RUNTIME[sdk=macosx*]" = YES;
				INFOPLIST_FILE = TitikJumpaMac/Info.plist;
				IPHONEOS_DEPLOYMENT_TARGET = 13.0;
				LD_RUNPATH_SEARCH_PATHS = (
					"$(inherited)",
					"@executable_path/Frameworks",
				);
				PRODUCT_BUNDLE_IDENTIFIER = WE4US.TitikJumpaMac;
				PRODUCT_NAME = "$(TARGET_NAME)";
				SUPPORTS_MACCATALYST = YES;
				SWIFT_VERSION = 5.0;
				TARGETED_DEVICE_FAMILY = 2;
			};
			name = Debug;
		};
		F0BC99EE24E971A7006FE6CA /* Release */ = {
			isa = XCBuildConfiguration;
			buildSettings = {
				ASSETCATALOG_COMPILER_APPICON_NAME = AppIcon;
				CODE_SIGN_ENTITLEMENTS = TitikJumpaMac/TitikJumpaMac.entitlements;
				"CODE_SIGN_IDENTITY[sdk=macosx*]" = "Apple Development";
				CODE_SIGN_STYLE = Automatic;
				DEVELOPMENT_TEAM = 9T6A37YY89;
				"ENABLE_HARDENED_RUNTIME[sdk=macosx*]" = YES;
				INFOPLIST_FILE = TitikJumpaMac/Info.plist;
				IPHONEOS_DEPLOYMENT_TARGET = 13.0;
				LD_RUNPATH_SEARCH_PATHS = (
					"$(inherited)",
					"@executable_path/Frameworks",
				);
				PRODUCT_BUNDLE_IDENTIFIER = WE4US.TitikJumpaMac;
				PRODUCT_NAME = "$(TARGET_NAME)";
				SUPPORTS_MACCATALYST = YES;
				SWIFT_VERSION = 5.0;
				TARGETED_DEVICE_FAMILY = 2;
			};
			name = Release;
		};
/* End XCBuildConfiguration section */

/* Begin XCConfigurationList section */
		F0BC99D324E971A7006FE6CA /* Build configuration list for PBXProject "TitikJumpaMac" */ = {
			isa = XCConfigurationList;
			buildConfigurations = (
				F0BC99EA24E971A7006FE6CA /* Debug */,
				F0BC99EB24E971A7006FE6CA /* Release */,
			);
			defaultConfigurationIsVisible = 0;
			defaultConfigurationName = Release;
		};
		F0BC99EC24E971A7006FE6CA /* Build configuration list for PBXNativeTarget "TitikJumpaMac" */ = {
			isa = XCConfigurationList;
			buildConfigurations = (
				F0BC99ED24E971A7006FE6CA /* Debug */,
				F0BC99EE24E971A7006FE6CA /* Release */,
			);
			defaultConfigurationIsVisible = 0;
			defaultConfigurationName = Release;
		};
/* End XCConfigurationList section */
	};
	rootObject = F0BC99D024E971A7006FE6CA /* Project object */;
}
